
Microsoft Visual Studio Solution File, Format Version 12.00
# Visual Studio Version 16
VisualStudioVersion = 16.0.32413.511
MinimumVisualStudioVersion = 10.0.40219.1
Project("{FAE04EC0-301F-11D3-BF4B-00C04F79EFBC}") = "Adminpanel", "Adminpanel\Adminpanel.csproj", "{0366D3CE-9381-4942-BDFF-A2CF9EB95682}"
EndProject
Global
	GlobalSection(SolutionConfigurationPlatforms) = preSolution
		Debug|Any CPU = Debug|Any CPU
		Release|Any CPU = Release|Any CPU
	EndGlobalSection
	GlobalSection(ProjectConfigurationPlatforms) = postSolution
		{0366D3CE-9381-4942-BDFF-A2CF9EB95682}.Debug|Any CPU.ActiveCfg = Debug|Any CPU
		{0366D3CE-9381-4942-BDFF-A2CF9EB95682}.Debug|Any CPU.Build.0 = Debug|Any CPU
		{0366D3CE-9381-4942-BDFF-A2CF9EB95682}.Release|Any CPU.ActiveCfg = Release|Any CPU
		{0366D3CE-9381-4942-BDFF-A2CF9EB95682}.Release|Any CPU.Build.0 = Release|Any CPU
	EndGlobalSection
	GlobalSection(SolutionProperties) = preSolution
		HideSolutionNode = FALSE
	EndGlobalSection
	GlobalSection(ExtensibilityGlobals) = postSolution
		SolutionGuid = {18FB5D09-741D-4E8B-B8A7-D5FA37CD47F6}
	EndGlobalSection
EndGlobal
